
Microsoft Visual Studio Solution File, Format Version 12.00
Project("{FAE04EC0-301F-11D3-BF4B-00C04F79EFBC}") = "ServiceA", "ServiceA\ServiceA.csproj", "{931557B6-24ED-40E8-B172-DA4FDE0CBE6D}"
EndProject
Project("{FAE04EC0-301F-11D3-BF4B-00C04F79EFBC}") = "ServiceB", "ServiceB\ServiceB.csproj", "{DA1405E1-92FF-4F80-96F4-B9EC6C4CC304}"
EndProject
Global
	GlobalSection(SolutionConfigurationPlatforms) = preSolution
		Debug|Any CPU = Debug|Any CPU
		Release|Any CPU = Release|Any CPU
	EndGlobalSection
	GlobalSection(ProjectConfigurationPlatforms) = postSolution
		{931557B6-24ED-40E8-B172-DA4FDE0CBE6D}.Debug|Any CPU.ActiveCfg = Debug|Any CPU
		{931557B6-24ED-40E8-B172-DA4FDE0CBE6D}.Debug|Any CPU.Build.0 = Debug|Any CPU
		{931557B6-24ED-40E8-B172-DA4FDE0CBE6D}.Release|Any CPU.ActiveCfg = Release|Any CPU
		{931557B6-24ED-40E8-B172-DA4FDE0CBE6D}.Release|Any CPU.Build.0 = Release|Any CPU
		{DA1405E1-92FF-4F80-96F4-B9EC6C4CC304}.Debug|Any CPU.ActiveCfg = Debug|Any CPU
		{DA1405E1-92FF-4F80-96F4-B9EC6C4CC304}.Debug|Any CPU.Build.0 = Debug|Any CPU
		{DA1405E1-92FF-4F80-96F4-B9EC6C4CC304}.Release|Any CPU.ActiveCfg = Release|Any CPU
		{DA1405E1-92FF-4F80-96F4-B9EC6C4CC304}.Release|Any CPU.Build.0 = Release|Any CPU
	EndGlobalSection
EndGlobal
